// !$*UTF8*$!
{
	archiveVersion = 1;
	classes = {
	};
	objectVersion = 56;
	objects = {

/* Begin PBXBuildFile section */
		2C8554C2816A13DFB2E9690B /* Pods_OzinsheDemo.framework in Frameworks */ = {isa = PBXBuildFile; fileRef = 26631E131FF51180DC58346F /* Pods_OzinsheDemo.framework */; };
		E31B3A812BD0589C00C99C37 /* AppDelegate.swift in Sources */ = {isa = PBXBuildFile; fileRef = E31B3A802BD0589C00C99C37 /* AppDelegate.swift */; };
		E31B3A832BD0589C00C99C37 /* SceneDelegate.swift in Sources */ = {isa = PBXBuildFile; fileRef = E31B3A822BD0589C00C99C37 /* SceneDelegate.swift */; };
		E31B3A852BD0589C00C99C37 /* ViewController.swift in Sources */ = {isa = PBXBuildFile; fileRef = E31B3A842BD0589C00C99C37 /* ViewController.swift */; };
		E31B3A882BD0589C00C99C37 /* Base in Resources */ = {isa = PBXBuildFile; fileRef = E31B3A872BD0589C00C99C37 /* Base */; };
		E31B3A8A2BD0589E00C99C37 /* Assets.xcassets in Resources */ = {isa = PBXBuildFile; fileRef = E31B3A892BD0589E00C99C37 /* Assets.xcassets */; };
		E31B3A8D2BD0589E00C99C37 /* Base in Resources */ = {isa = PBXBuildFile; fileRef = E31B3A8C2BD0589E00C99C37 /* Base */; };
		E31B3A952BD1B95600C99C37 /* TabBarController.swift in Sources */ = {isa = PBXBuildFile; fileRef = E31B3A942BD1B95600C99C37 /* TabBarController.swift */; };
		E31B3A9C2BD4317A00C99C37 /* SFProDisplay-Medium.ttf in Resources */ = {isa = PBXBuildFile; fileRef = E31B3A972BD3CCD500C99C37 /* SFProDisplay-Medium.ttf */; };
		E31B3A9D2BD4318000C99C37 /* SFProDisplay-Regular.ttf in Resources */ = {isa = PBXBuildFile; fileRef = E31B3A992BD3CCD500C99C37 /* SFProDisplay-Regular.ttf */; };
		E31B3A9E2BD4318400C99C37 /* SFProDisplay-Semibold.ttf in Resources */ = {isa = PBXBuildFile; fileRef = E31B3A982BD3CCD500C99C37 /* SFProDisplay-Semibold.ttf */; };
		E31B3AA12BD432EA00C99C37 /* SFProDisplay-Bold.ttf in Resources */ = {isa = PBXBuildFile; fileRef = E31B3AA02BD432EA00C99C37 /* SFProDisplay-Bold.ttf */; };
		E31B3AA42BD45D9900C99C37 /* FavoriteTableViewController.swift in Sources */ = {isa = PBXBuildFile; fileRef = E31B3AA32BD45D9900C99C37 /* FavoriteTableViewController.swift */; };
		E31B3AA62BD45EAE00C99C37 /* MovieTableViewCell.swift in Sources */ = {isa = PBXBuildFile; fileRef = E31B3AA52BD45EAE00C99C37 /* MovieTableViewCell.swift */; };
		E31B3ACB2BD9283600C99C37 /* Localizable.strings in Resources */ = {isa = PBXBuildFile; fileRef = E31B3AC92BD9283600C99C37 /* Localizable.strings */; };
		E31B3ACF2BDAE88200C99C37 /* ProfileViewController.swift in Sources */ = {isa = PBXBuildFile; fileRef = E31B3ACE2BDAE88200C99C37 /* ProfileViewController.swift */; };
		E31B3AD32BDEEC9C00C99C37 /* LanguageViewController.swift in Sources */ = {isa = PBXBuildFile; fileRef = E31B3AD22BDEEC9C00C99C37 /* LanguageViewController.swift */; };
/* End PBXBuildFile section */

/* Begin PBXFileReference section */
		26631E131FF51180DC58346F /* Pods_OzinsheDemo.framework */ = {isa = PBXFileReference; explicitFileType = wrapper.framework; includeInIndex = 0; path = Pods_OzinsheDemo.framework; sourceTree = BUILT_PRODUCTS_DIR; };
		3CF2D99BFD060324913631E9 /* Pods-OzinsheDemo.release.xcconfig */ = {isa = PBXFileReference; includeInIndex = 1; lastKnownFileType = text.xcconfig; name = "Pods-OzinsheDemo.release.xcconfig"; path = "Target Support Files/Pods-OzinsheDemo/Pods-OzinsheDemo.release.xcconfig"; sourceTree = "<group>"; };
		B63D7531032482F8E91D4124 /* Pods-OzinsheDemo.debug.xcconfig */ = {isa = PBXFileReference; includeInIndex = 1; lastKnownFileType = text.xcconfig; name = "Pods-OzinsheDemo.debug.xcconfig"; path = "Target Support Files/Pods-OzinsheDemo/Pods-OzinsheDemo.debug.xcconfig"; sourceTree = "<group>"; };
		E31B3A7D2BD0589C00C99C37 /* OzinsheDemo.app */ = {isa = PBXFileReference; explicitFileType = wrapper.application; includeInIndex = 0; path = OzinsheDemo.app; sourceTree = BUILT_PRODUCTS_DIR; };
		E31B3A802BD0589C00C99C37 /* AppDelegate.swift */ = {isa = PBXFileReference; lastKnownFileType = sourcecode.swift; path = AppDelegate.swift; sourceTree = "<group>"; };
		E31B3A822BD0589C00C99C37 /* SceneDelegate.swift */ = {isa = PBXFileReference; lastKnownFileType = sourcecode.swift; path = SceneDelegate.swift; sourceTree = "<group>"; };
		E31B3A842BD0589C00C99C37 /* ViewController.swift */ = {isa = PBXFileReference; lastKnownFileType = sourcecode.swift; path = ViewController.swift; sourceTree = "<group>"; };
		E31B3A872BD0589C00C99C37 /* Base */ = {isa = PBXFileReference; lastKnownFileType = file.storyboard; name = Base; path = Base.lproj/Main.storyboard; sourceTree = "<group>"; };
		E31B3A892BD0589E00C99C37 /* Assets.xcassets */ = {isa = PBXFileReference; lastKnownFileType = folder.assetcatalog; path = Assets.xcassets; sourceTree = "<group>"; };
		E31B3A8C2BD0589E00C99C37 /* Base */ = {isa = PBXFileReference; lastKnownFileType = file.storyboard; name = Base; path = Base.lproj/LaunchScreen.storyboard; sourceTree = "<group>"; };
		E31B3A8E2BD0589E00C99C37 /* Info.plist */ = {isa = PBXFileReference; lastKnownFileType = text.plist.xml; path = Info.plist; sourceTree = "<group>"; };
		E31B3A942BD1B95600C99C37 /* TabBarController.swift */ = {isa = PBXFileReference; lastKnownFileType = sourcecode.swift; path = TabBarController.swift; sourceTree = "<group>"; };
		E31B3A972BD3CCD500C99C37 /* SFProDisplay-Medium.ttf */ = {isa = PBXFileReference; lastKnownFileType = file; path = "SFProDisplay-Medium.ttf"; sourceTree = "<group>"; };
		E31B3A982BD3CCD500C99C37 /* SFProDisplay-Semibold.ttf */ = {isa = PBXFileReference; lastKnownFileType = file; path = "SFProDisplay-Semibold.ttf"; sourceTree = "<group>"; };
		E31B3A992BD3CCD500C99C37 /* SFProDisplay-Regular.ttf */ = {isa = PBXFileReference; lastKnownFileType = file; path = "SFProDisplay-Regular.ttf"; sourceTree = "<group>"; };
		E31B3A9F2BD432EA00C99C37 /* Base */ = {isa = PBXFileReference; lastKnownFileType = file; name = Base; path = "Base.lproj/SFProDisplay-Bold.ttf"; sourceTree = "<group>"; };
		E31B3AA32BD45D9900C99C37 /* FavoriteTableViewController.swift */ = {isa = PBXFileReference; lastKnownFileType = sourcecode.swift; path = FavoriteTableViewController.swift; sourceTree = "<group>"; };
		E31B3AA52BD45EAE00C99C37 /* MovieTableViewCell.swift */ = {isa = PBXFileReference; lastKnownFileType = sourcecode.swift; path = MovieTableViewCell.swift; sourceTree = "<group>"; };
		E31B3ACA2BD9283600C99C37 /* en */ = {isa = PBXFileReference; lastKnownFileType = text.plist.strings; name = en; path = en.lproj/Localizable.strings; sourceTree = "<group>"; };
		E31B3ACC2BD9362600C99C37 /* ru */ = {isa = PBXFileReference; lastKnownFileType = text.plist.strings; name = ru; path = ru.lproj/Localizable.strings; sourceTree = "<group>"; };
		E31B3ACD2BD9369600C99C37 /* kk */ = {isa = PBXFileReference; lastKnownFileType = text.plist.strings; name = kk; path = kk.lproj/Localizable.strings; sourceTree = "<group>"; };
		E31B3ACE2BDAE88200C99C37 /* ProfileViewController.swift */ = {isa = PBXFileReference; lastKnownFileType = sourcecode.swift; path = ProfileViewController.swift; sourceTree = "<group>"; };
		E31B3AD22BDEEC9C00C99C37 /* LanguageViewController.swift */ = {isa = PBXFileReference; lastKnownFileType = sourcecode.swift; path = LanguageViewController.swift; sourceTree = "<group>"; };
/* End PBXFileReference section */

/* Begin PBXFrameworksBuildPhase section */
		E31B3A7A2BD0589C00C99C37 /* Frameworks */ = {
			isa = PBXFrameworksBuildPhase;
			buildActionMask = 2147483647;
			files = (
				2C8554C2816A13DFB2E9690B /* Pods_OzinsheDemo.framework in Frameworks */,
			);
			runOnlyForDeploymentPostprocessing = 0;
		};
/* End PBXFrameworksBuildPhase section */

/* Begin PBXGroup section */
		46A343F5EB0604132F0EB461 /* Frameworks */ = {
			isa = PBXGroup;
			children = (
				26631E131FF51180DC58346F /* Pods_OzinsheDemo.framework */,
			);
			name = Frameworks;
			sourceTree = "<group>";
		};
		BF6693A45B43FFB6A8D173E0 /* Pods */ = {
			isa = PBXGroup;
			children = (
				B63D7531032482F8E91D4124 /* Pods-OzinsheDemo.debug.xcconfig */,
				3CF2D99BFD060324913631E9 /* Pods-OzinsheDemo.release.xcconfig */,
			);
			path = Pods;
			sourceTree = "<group>";
		};
		E31B3A742BD0589C00C99C37 = {
			isa = PBXGroup;
			children = (
				E31B3A7F2BD0589C00C99C37 /* OzinsheDemo */,
				E31B3A7E2BD0589C00C99C37 /* Products */,
				BF6693A45B43FFB6A8D173E0 /* Pods */,
				46A343F5EB0604132F0EB461 /* Frameworks */,
			);
			sourceTree = "<group>";
		};
		E31B3A7E2BD0589C00C99C37 /* Products */ = {
			isa = PBXGroup;
			children = (
				E31B3A7D2BD0589C00C99C37 /* OzinsheDemo.app */,
			);
			name = Products;
			sourceTree = "<group>";
		};
		E31B3A7F2BD0589C00C99C37 /* OzinsheDemo */ = {
			isa = PBXGroup;
			children = (
				E31B3A962BD3C8B100C99C37 /* Fonts */,
				E31B3AA22BD45CFE00C99C37 /* Controllers */,
				E31B3A802BD0589C00C99C37 /* AppDelegate.swift */,
				E31B3A822BD0589C00C99C37 /* SceneDelegate.swift */,
				E31B3A862BD0589C00C99C37 /* Main.storyboard */,
				E31B3A892BD0589E00C99C37 /* Assets.xcassets */,
				E31B3A8B2BD0589E00C99C37 /* LaunchScreen.storyboard */,
				E31B3A8E2BD0589E00C99C37 /* Info.plist */,
				E31B3AC92BD9283600C99C37 /* Localizable.strings */,
			);
			path = OzinsheDemo;
			sourceTree = "<group>";
		};
		E31B3A962BD3C8B100C99C37 /* Fonts */ = {
			isa = PBXGroup;
			children = (
				E31B3AA02BD432EA00C99C37 /* SFProDisplay-Bold.ttf */,
				E31B3A972BD3CCD500C99C37 /* SFProDisplay-Medium.ttf */,
				E31B3A992BD3CCD500C99C37 /* SFProDisplay-Regular.ttf */,
				E31B3A982BD3CCD500C99C37 /* SFProDisplay-Semibold.ttf */,
			);
			path = Fonts;
			sourceTree = "<group>";
		};
		E31B3AA22BD45CFE00C99C37 /* Controllers */ = {
			isa = PBXGroup;
			children = (
				E31B3A942BD1B95600C99C37 /* TabBarController.swift */,
				E31B3ACE2BDAE88200C99C37 /* ProfileViewController.swift */,
				E31B3A842BD0589C00C99C37 /* ViewController.swift */,
				E31B3AA52BD45EAE00C99C37 /* MovieTableViewCell.swift */,
				E31B3AD22BDEEC9C00C99C37 /* LanguageViewController.swift */,
				E31B3AA32BD45D9900C99C37 /* FavoriteTableViewController.swift */,
			);
			path = Controllers;
			sourceTree = "<group>";
		};
/* End PBXGroup section */

/* Begin PBXNativeTarget section */
		E31B3A7C2BD0589C00C99C37 /* OzinsheDemo */ = {
			isa = PBXNativeTarget;
			buildConfigurationList = E31B3A912BD0589E00C99C37 /* Build configuration list for PBXNativeTarget "OzinsheDemo" */;
			buildPhases = (
				25D0514C6CC30B19027DCBB1 /* [CP] Check Pods Manifest.lock */,
				E31B3A792BD0589C00C99C37 /* Sources */,
				E31B3A7A2BD0589C00C99C37 /* Frameworks */,
				E31B3A7B2BD0589C00C99C37 /* Resources */,
				A45240C7A922506479433918 /* [CP] Embed Pods Frameworks */,
			);
			buildRules = (
			);
			dependencies = (
			);
			name = OzinsheDemo;
			productName = OzinsheDemo;
			productReference = E31B3A7D2BD0589C00C99C37 /* OzinsheDemo.app */;
			productType = "com.apple.product-type.application";
		};
/* End PBXNativeTarget section */

/* Begin PBXProject section */
		E31B3A752BD0589C00C99C37 /* Project object */ = {
			isa = PBXProject;
			attributes = {
				BuildIndependentTargetsInParallel = 1;
				LastSwiftUpdateCheck = 1530;
				LastUpgradeCheck = 1530;
				TargetAttributes = {
					E31B3A7C2BD0589C00C99C37 = {
						CreatedOnToolsVersion = 15.3;
					};
				};
			};
			buildConfigurationList = E31B3A782BD0589C00C99C37 /* Build configuration list for PBXProject "OzinsheDemo" */;
			compatibilityVersion = "Xcode 14.0";
			developmentRegion = en;
			hasScannedForEncodings = 0;
			knownRegions = (
				en,
				Base,
				ru,
				kk,
			);
			mainGroup = E31B3A742BD0589C00C99C37;
			productRefGroup = E31B3A7E2BD0589C00C99C37 /* Products */;
			projectDirPath = "";
			projectRoot = "";
			targets = (
				E31B3A7C2BD0589C00C99C37 /* OzinsheDemo */,
			);
		};
/* End PBXProject section */

/* Begin PBXResourcesBuildPhase section */
		E31B3A7B2BD0589C00C99C37 /* Resources */ = {
			isa = PBXResourcesBuildPhase;
			buildActionMask = 2147483647;
			files = (
				E31B3A8A2BD0589E00C99C37 /* Assets.xcassets in Resources */,
				E31B3A8D2BD0589E00C99C37 /* Base in Resources */,
				E31B3A9E2BD4318400C99C37 /* SFProDisplay-Semibold.ttf in Resources */,
				E31B3A882BD0589C00C99C37 /* Base in Resources */,
				E31B3A9D2BD4318000C99C37 /* SFProDisplay-Regular.ttf in Resources */,
				E31B3ACB2BD9283600C99C37 /* Localizable.strings in Resources */,
				E31B3AA12BD432EA00C99C37 /* SFProDisplay-Bold.ttf in Resources */,
				E31B3A9C2BD4317A00C99C37 /* SFProDisplay-Medium.ttf in Resources */,
			);
			runOnlyForDeploymentPostprocessing = 0;
		};
/* End PBXResourcesBuildPhase section */

/* Begin PBXShellScriptBuildPhase section */
		25D0514C6CC30B19027DCBB1 /* [CP] Check Pods Manifest.lock */ = {
			isa = PBXShellScriptBuildPhase;
			buildActionMask = 2147483647;
			files = (
			);
			inputFileListPaths = (
			);
			inputPaths = (
				"${PODS_PODFILE_DIR_PATH}/Podfile.lock",
				"${PODS_ROOT}/Manifest.lock",
			);
			name = "[CP] Check Pods Manifest.lock";
			outputFileListPaths = (
			);
			outputPaths = (
				"$(DERIVED_FILE_DIR)/Pods-OzinsheDemo-checkManifestLockResult.txt",
			);
			runOnlyForDeploymentPostprocessing = 0;
			shellPath = /bin/sh;
			shellScript = "diff \"${PODS_PODFILE_DIR_PATH}/Podfile.lock\" \"${PODS_ROOT}/Manifest.lock\" > /dev/null\nif [ $? != 0 ] ; then\n    # print error to STDERR\n    echo \"error: The sandbox is not in sync with the Podfile.lock. Run 'pod install' or update your CocoaPods installation.\" >&2\n    exit 1\nfi\n# This output is used by Xcode 'outputs' to avoid re-running this script phase.\necho \"SUCCESS\" > \"${SCRIPT_OUTPUT_FILE_0}\"\n";
			showEnvVarsInLog = 0;
		};
		A45240C7A922506479433918 /* [CP] Embed Pods Frameworks */ = {
			isa = PBXShellScriptBuildPhase;
			buildActionMask = 2147483647;
			files = (
			);
			inputFileListPaths = (
				"${PODS_ROOT}/Target Support Files/Pods-OzinsheDemo/Pods-OzinsheDemo-frameworks-${CONFIGURATION}-input-files.xcfilelist",
			);
			name = "[CP] Embed Pods Frameworks";
			outputFileListPaths = (
				"${PODS_ROOT}/Target Support Files/Pods-OzinsheDemo/Pods-OzinsheDemo-frameworks-${CONFIGURATION}-output-files.xcfilelist",
			);
			runOnlyForDeploymentPostprocessing = 0;
			shellPath = /bin/sh;
			shellScript = "\"${PODS_ROOT}/Target Support Files/Pods-OzinsheDemo/Pods-OzinsheDemo-frameworks.sh\"\n";
			showEnvVarsInLog = 0;
		};
/* End PBXShellScriptBuildPhase section */

/* Begin PBXSourcesBuildPhase section */
		E31B3A792BD0589C00C99C37 /* Sources */ = {
			isa = PBXSourcesBuildPhase;
			buildActionMask = 2147483647;
			files = (
				E31B3AA42BD45D9900C99C37 /* FavoriteTableViewController.swift in Sources */,
				E31B3A852BD0589C00C99C37 /* ViewController.swift in Sources */,
				E31B3AD32BDEEC9C00C99C37 /* LanguageViewController.swift in Sources */,
				E31B3AA62BD45EAE00C99C37 /* MovieTableViewCell.swift in Sources */,
				E31B3A952BD1B95600C99C37 /* TabBarController.swift in Sources */,
				E31B3ACF2BDAE88200C99C37 /* ProfileViewController.swift in Sources */,
				E31B3A812BD0589C00C99C37 /* AppDelegate.swift in Sources */,
				E31B3A832BD0589C00C99C37 /* SceneDelegate.swift in Sources */,
			);
			runOnlyForDeploymentPostprocessing = 0;
		};
/* End PBXSourcesBuildPhase section */

/* Begin PBXVariantGroup section */
		E31B3A862BD0589C00C99C37 /* Main.storyboard */ = {
			isa = PBXVariantGroup;
			children = (
				E31B3A872BD0589C00C99C37 /* Base */,
			);
			name = Main.storyboard;
			sourceTree = "<group>";
		};
		E31B3A8B2BD0589E00C99C37 /* LaunchScreen.storyboard */ = {
			isa = PBXVariantGroup;
			children = (
				E31B3A8C2BD0589E00C99C37 /* Base */,
			);
			name = LaunchScreen.storyboard;
			sourceTree = "<group>";
		};
		E31B3AA02BD432EA00C99C37 /* SFProDisplay-Bold.ttf */ = {
			isa = PBXVariantGroup;
			children = (
				E31B3A9F2BD432EA00C99C37 /* Base */,
			);
			name = "SFProDisplay-Bold.ttf";
			sourceTree = "<group>";
		};
		E31B3AC92BD9283600C99C37 /* Localizable.strings */ = {
			isa = PBXVariantGroup;
			children = (
				E31B3ACA2BD9283600C99C37 /* en */,
				E31B3ACC2BD9362600C99C37 /* ru */,
				E31B3ACD2BD9369600C99C37 /* kk */,
			);
			name = Localizable.strings;
			sourceTree = "<group>";
		};
/* End PBXVariantGroup section */

/* Begin XCBuildConfiguration section */
		E31B3A8F2BD0589E00C99C37 /* Debug */ = {
			isa = XCBuildConfiguration;
			buildSettings = {
				ALWAYS_SEARCH_USER_PATHS = NO;
				ASSETCATALOG_COMPILER_GENERATE_SWIFT_ASSET_SYMBOL_EXTENSIONS = YES;
				CLANG_ANALYZER_LOCALIZABILITY_NONLOCALIZED = YES;
				CLANG_ANALYZER_NONNULL = YES;
				CLANG_ANALYZER_NUMBER_OBJECT_CONVERSION = YES_AGGRESSIVE;
				CLANG_CXX_LANGUAGE_STANDARD = "gnu++20";
				CLANG_ENABLE_MODULES = YES;
				CLANG_ENABLE_OBJC_ARC = YES;
				CLANG_ENABLE_OBJC_WEAK = YES;
				CLANG_WARN_BLOCK_CAPTURE_AUTORELEASING = YES;
				CLANG_WARN_BOOL_CONVERSION = YES;
				CLANG_WARN_COMMA = YES;
				CLANG_WARN_CONSTANT_CONVERSION = YES;
				CLANG_WARN_DEPRECATED_OBJC_IMPLEMENTATIONS = YES;
				CLANG_WARN_DIRECT_OBJC_ISA_USAGE = YES_ERROR;
				CLANG_WARN_DOCUMENTATION_COMMENTS = YES;
				CLANG_WARN_EMPTY_BODY = YES;
				CLANG_WARN_ENUM_CONVERSION = YES;
				CLANG_WARN_INFINITE_RECURSION = YES;
				CLANG_WARN_INT_CONVERSION = YES;
				CLANG_WARN_NON_LITERAL_NULL_CONVERSION = YES;
				CLANG_WARN_OBJC_IMPLICIT_RETAIN_SELF = YES;
				CLANG_WARN_OBJC_LITERAL_CONVERSION = YES;
				CLANG_WARN_OBJC_ROOT_CLASS = YES_ERROR;
				CLANG_WARN_QUOTED_INCLUDE_IN_FRAMEWORK_HEADER = YES;
				CLANG_WARN_RANGE_LOOP_ANALYSIS = YES;
				CLANG_WARN_STRICT_PROTOTYPES = YES;
				CLANG_WARN_SUSPICIOUS_MOVE = YES;
				CLANG_WARN_UNGUARDED_AVAILABILITY = YES_AGGRESSIVE;
				CLANG_WARN_UNREACHABLE_CODE = YES;
				CLANG_WARN__DUPLICATE_METHOD_MATCH = YES;
				COPY_PHASE_STRIP = NO;
				DEBUG_INFORMATION_FORMAT = dwarf;
				ENABLE_STRICT_OBJC_MSGSEND = YES;
				ENABLE_TESTABILITY = YES;
				ENABLE_USER_SCRIPT_SANDBOXING = NO;
				GCC_C_LANGUAGE_STANDARD = gnu17;
				GCC_DYNAMIC_NO_PIC = NO;
				GCC_NO_COMMON_BLOCKS = YES;
				GCC_OPTIMIZATION_LEVEL = 0;
				GCC_PREPROCESSOR_DEFINITIONS = (
					"DEBUG=1",
					"$(inherited)",
				);
				GCC_WARN_64_TO_32_BIT_CONVERSION = YES;
				GCC_WARN_ABOUT_RETURN_TYPE = YES_ERROR;
				GCC_WARN_UNDECLARED_SELECTOR = YES;
				GCC_WARN_UNINITIALIZED_AUTOS = YES_AGGRESSIVE;
				GCC_WARN_UNUSED_FUNCTION = YES;
				GCC_WARN_UNUSED_VARIABLE = YES;
				IPHONEOS_DEPLOYMENT_TARGET = 17.4;
				LOCALIZATION_PREFERS_STRING_CATALOGS = YES;
				MTL_ENABLE_DEBUG_INFO = INCLUDE_SOURCE;
				MTL_FAST_MATH = YES;
				ONLY_ACTIVE_ARCH = YES;
				SDKROOT = iphoneos;
				SWIFT_ACTIVE_COMPILATION_CONDITIONS = "DEBUG $(inherited)";
				SWIFT_OPTIMIZATION_LEVEL = "-Onone";
			};
			name = Debug;
		};
		E31B3A902BD0589E00C99C37 /* Release */ = {
			isa = XCBuildConfiguration;
			buildSettings = {
				ALWAYS_SEARCH_USER_PATHS = NO;
				ASSETCATALOG_COMPILER_GENERATE_SWIFT_ASSET_SYMBOL_EXTENSIONS = YES;
				CLANG_ANALYZER_LOCALIZABILITY_NONLOCALIZED = YES;
				CLANG_ANALYZER_NONNULL = YES;
				CLANG_ANALYZER_NUMBER_OBJECT_CONVERSION = YES_AGGRESSIVE;
				CLANG_CXX_LANGUAGE_STANDARD = "gnu++20";
				CLANG_ENABLE_MODULES = YES;
				CLANG_ENABLE_OBJC_ARC = YES;
				CLANG_ENABLE_OBJC_WEAK = YES;
				CLANG_WARN_BLOCK_CAPTURE_AUTORELEASING = YES;
				CLANG_WARN_BOOL_CONVERSION = YES;
				CLANG_WARN_COMMA = YES;
				CLANG_WARN_CONSTANT_CONVERSION = YES;
				CLANG_WARN_DEPRECATED_OBJC_IMPLEMENTATIONS = YES;
				CLANG_WARN_DIRECT_OBJC_ISA_USAGE = YES_ERROR;
				CLANG_WARN_DOCUMENTATION_COMMENTS = YES;
				CLANG_WARN_EMPTY_BODY = YES;
				CLANG_WARN_ENUM_CONVERSION = YES;
				CLANG_WARN_INFINITE_RECURSION = YES;
				CLANG_WARN_INT_CONVERSION = YES;
				CLANG_WARN_NON_LITERAL_NULL_CONVERSION = YES;
				CLANG_WARN_OBJC_IMPLICIT_RETAIN_SELF = YES;
				CLANG_WARN_OBJC_LITERAL_CONVERSION = YES;
				CLANG_WARN_OBJC_ROOT_CLASS = YES_ERROR;
				CLANG_WARN_QUOTED_INCLUDE_IN_FRAMEWORK_HEADER = YES;
				CLANG_WARN_RANGE_LOOP_ANALYSIS = YES;
				CLANG_WARN_STRICT_PROTOTYPES = YES;
				CLANG_WARN_SUSPICIOUS_MOVE = YES;
				CLANG_WARN_UNGUARDED_AVAILABILITY = YES_AGGRESSIVE;
				CLANG_WARN_UNREACHABLE_CODE = YES;
				CLANG_WARN__DUPLICATE_METHOD_MATCH = YES;
				COPY_PHASE_STRIP = NO;
				DEBUG_INFORMATION_FORMAT = "dwarf-with-dsym";
				ENABLE_NS_ASSERTIONS = NO;
				ENABLE_STRICT_OBJC_MSGSEND = YES;
				ENABLE_USER_SCRIPT_SANDBOXING = NO;
				GCC_C_LANGUAGE_STANDARD = gnu17;
				GCC_NO_COMMON_BLOCKS = YES;
				GCC_WARN_64_TO_32_BIT_CONVERSION = YES;
				GCC_WARN_ABOUT_RETURN_TYPE = YES_ERROR;
				GCC_WARN_UNDECLARED_SELECTOR = YES;
				GCC_WARN_UNINITIALIZED_AUTOS = YES_AGGRESSIVE;
				GCC_WARN_UNUSED_FUNCTION = YES;
				GCC_WARN_UNUSED_VARIABLE = YES;
				IPHONEOS_DEPLOYMENT_TARGET = 17.4;
				LOCALIZATION_PREFERS_STRING_CATALOGS = YES;
				MTL_ENABLE_DEBUG_INFO = NO;
				MTL_FAST_MATH = YES;
				SDKROOT = iphoneos;
				SWIFT_COMPILATION_MODE = wholemodule;
				VALIDATE_PRODUCT = YES;
			};
			name = Release;
		};
		E31B3A922BD0589E00C99C37 /* Debug */ = {
			isa = XCBuildConfiguration;
			baseConfigurationReference = B63D7531032482F8E91D4124 /* Pods-OzinsheDemo.debug.xcconfig */;
			buildSettings = {
				ASSETCATALOG_COMPILER_APPICON_NAME = AppIcon;
				ASSETCATALOG_COMPILER_GLOBAL_ACCENT_COLOR_NAME = AccentColor;
				CODE_SIGN_STYLE = Automatic;
				CURRENT_PROJECT_VERSION = 1;
				DEVELOPMENT_TEAM = NT93UW6SS7;
				GENERATE_INFOPLIST_FILE = YES;
				INFOPLIST_FILE = OzinsheDemo/Info.plist;
				INFOPLIST_KEY_UIApplicationSupportsIndirectInputEvents = YES;
				INFOPLIST_KEY_UILaunchStoryboardName = LaunchScreen;
				INFOPLIST_KEY_UIMainStoryboardFile = Main;
				INFOPLIST_KEY_UISupportedInterfaceOrientations_iPad = "UIInterfaceOrientationPortrait UIInterfaceOrientationPortraitUpsideDown UIInterfaceOrientationLandscapeLeft UIInterfaceOrientationLandscapeRight";
				INFOPLIST_KEY_UISupportedInterfaceOrientations_iPhone = "UIInterfaceOrientationPortrait UIInterfaceOrientationLandscapeLeft UIInterfaceOrientationLandscapeRight";
				LD_RUNPATH_SEARCH_PATHS = (
					"$(inherited)",
					"@executable_path/Frameworks",
				);
				MARKETING_VERSION = 1.0;
				PRODUCT_BUNDLE_IDENTIFIER = kz.mobydev.OzinsheDemo;
				PRODUCT_NAME = "$(TARGET_NAME)";
				SWIFT_EMIT_LOC_STRINGS = YES;
				SWIFT_VERSION = 5.0;
				TARGETED_DEVICE_FAMILY = "1,2";
			};
			name = Debug;
		};
		E31B3A932BD0589E00C99C37 /* Release */ = {
			isa = XCBuildConfiguration;
			baseConfigurationReference = 3CF2D99BFD060324913631E9 /* Pods-OzinsheDemo.release.xcconfig */;
			buildSettings = {
				ASSETCATALOG_COMPILER_APPICON_NAME = AppIcon;
				ASSETCATALOG_COMPILER_GLOBAL_ACCENT_COLOR_NAME = AccentColor;
				CODE_SIGN_STYLE = Automatic;
				CURRENT_PROJECT_VERSION = 1;
				DEVELOPMENT_TEAM = NT93UW6SS7;
				GENERATE_INFOPLIST_FILE = YES;
				INFOPLIST_FILE = OzinsheDemo/Info.plist;
				INFOPLIST_KEY_UIApplicationSupportsIndirectInputEvents = YES;
				INFOPLIST_KEY_UILaunchStoryboardName = LaunchScreen;
				INFOPLIST_KEY_UIMainStoryboardFile = Main;
				INFOPLIST_KEY_UISupportedInterfaceOrientations_iPad = "UIInterfaceOrientationPortrait UIInterfaceOrientationPortraitUpsideDown UIInterfaceOrientationLandscapeLeft UIInterfaceOrientationLandscapeRight";
				INFOPLIST_KEY_UISupportedInterfaceOrientations_iPhone = "UIInterfaceOrientationPortrait UIInterfaceOrientationLandscapeLeft UIInterfaceOrientationLandscapeRight";
				LD_RUNPATH_SEARCH_PATHS = (
					"$(inherited)",
					"@executable_path/Frameworks",
				);
				MARKETING_VERSION = 1.0;
				PRODUCT_BUNDLE_IDENTIFIER = kz.mobydev.OzinsheDemo;
				PRODUCT_NAME = "$(TARGET_NAME)";
				SWIFT_EMIT_LOC_STRINGS = YES;
				SWIFT_VERSION = 5.0;
				TARGETED_DEVICE_FAMILY = "1,2";
			};
			name = Release;
		};
/* End XCBuildConfiguration section */

/* Begin XCConfigurationList section */
		E31B3A782BD0589C00C99C37 /* Build configuration list for PBXProject "OzinsheDemo" */ = {
			isa = XCConfigurationList;
			buildConfigurations = (
				E31B3A8F2BD0589E00C99C37 /* Debug */,
				E31B3A902BD0589E00C99C37 /* Release */,
			);
			defaultConfigurationIsVisible = 0;
			defaultConfigurationName = Release;
		};
		E31B3A912BD0589E00C99C37 /* Build configuration list for PBXNativeTarget "OzinsheDemo" */ = {
			isa = XCConfigurationList;
			buildConfigurations = (
				E31B3A922BD0589E00C99C37 /* Debug */,
				E31B3A932BD0589E00C99C37 /* Release */,
			);
			defaultConfigurationIsVisible = 0;
			defaultConfigurationName = Release;
		};
/* End XCConfigurationList section */
	};
	rootObject = E31B3A752BD0589C00C99C37 /* Project object */;
}
